// !$*UTF8*$!
{
	archiveVersion = 1;
	classes = {
	};
	objectVersion = 56;
	objects = {

/* Begin PBXBuildFile section */
		DC27819F2AD8BF9B00540F01 /* AppDelegate.swift in Sources */ = {isa = PBXBuildFile; fileRef = DC27819E2AD8BF9B00540F01 /* AppDelegate.swift */; };
		DC2781A12AD8BF9B00540F01 /* SceneDelegate.swift in Sources */ = {isa = PBXBuildFile; fileRef = DC2781A02AD8BF9B00540F01 /* SceneDelegate.swift */; };
		DC2781A32AD8BF9B00540F01 /* HomeScreenVC.swift in Sources */ = {isa = PBXBuildFile; fileRef = DC2781A22AD8BF9B00540F01 /* HomeScreenVC.swift */; };
		DC2781A62AD8BF9B00540F01 /* Main.storyboard in Resources */ = {isa = PBXBuildFile; fileRef = DC2781A42AD8BF9B00540F01 /* Main.storyboard */; };
		DC2781A82AD8BF9D00540F01 /* Assets.xcassets in Resources */ = {isa = PBXBuildFile; fileRef = DC2781A72AD8BF9D00540F01 /* Assets.xcassets */; };
		DC2781AB2AD8BF9D00540F01 /* LaunchScreen.storyboard in Resources */ = {isa = PBXBuildFile; fileRef = DC2781A92AD8BF9D00540F01 /* LaunchScreen.storyboard */; };
		DC2781B32AD8C07000540F01 /* PageA_VC.swift in Sources */ = {isa = PBXBuildFile; fileRef = DC2781B22AD8C07000540F01 /* PageA_VC.swift */; };
		DC2781B52AD8C07900540F01 /* PageB_VC.swift in Sources */ = {isa = PBXBuildFile; fileRef = DC2781B42AD8C07900540F01 /* PageB_VC.swift */; };
		DC2781B72AD8C08400540F01 /* PageX_VC.swift in Sources */ = {isa = PBXBuildFile; fileRef = DC2781B62AD8C08400540F01 /* PageX_VC.swift */; };
		DC2781B92AD8C08E00540F01 /* PageY_VC.swift in Sources */ = {isa = PBXBuildFile; fileRef = DC2781B82AD8C08E00540F01 /* PageY_VC.swift */; };
/* End PBXBuildFile section */

/* Begin PBXFileReference section */
		DC27819B2AD8BF9B00540F01 /* Navigation Controller Training.app */ = {isa = PBXFileReference; explicitFileType = wrapper.application; includeInIndex = 0; path = "Navigation Controller Training.app"; sourceTree = BUILT_PRODUCTS_DIR; };
		DC27819E2AD8BF9B00540F01 /* AppDelegate.swift */ = {isa = PBXFileReference; lastKnownFileType = sourcecode.swift; path = AppDelegate.swift; sourceTree = "<group>"; };
		DC2781A02AD8BF9B00540F01 /* SceneDelegate.swift */ = {isa = PBXFileReference; lastKnownFileType = sourcecode.swift; path = SceneDelegate.swift; sourceTree = "<group>"; };
		DC2781A22AD8BF9B00540F01 /* HomeScreenVC.swift */ = {isa = PBXFileReference; lastKnownFileType = sourcecode.swift; path = HomeScreenVC.swift; sourceTree = "<group>"; };
		DC2781A52AD8BF9B00540F01 /* Base */ = {isa = PBXFileReference; lastKnownFileType = file.storyboard; name = Base; path = Base.lproj/Main.storyboard; sourceTree = "<group>"; };
		DC2781A72AD8BF9D00540F01 /* Assets.xcassets */ = {isa = PBXFileReference; lastKnownFileType = folder.assetcatalog; path = Assets.xcassets; sourceTree = "<group>"; };
		DC2781AA2AD8BF9D00540F01 /* Base */ = {isa = PBXFileReference; lastKnownFileType = file.storyboard; name = Base; path = Base.lproj/LaunchScreen.storyboard; sourceTree = "<group>"; };
		DC2781AC2AD8BF9D00540F01 /* Info.plist */ = {isa = PBXFileReference; lastKnownFileType = text.plist.xml; path = Info.plist; sourceTree = "<group>"; };
		DC2781B22AD8C07000540F01 /* PageA_VC.swift */ = {isa = PBXFileReference; lastKnownFileType = sourcecode.swift; path = PageA_VC.swift; sourceTree = "<group>"; };
		DC2781B42AD8C07900540F01 /* PageB_VC.swift */ = {isa = PBXFileReference; lastKnownFileType = sourcecode.swift; path = PageB_VC.swift; sourceTree = "<group>"; };
		DC2781B62AD8C08400540F01 /* PageX_VC.swift */ = {isa = PBXFileReference; lastKnownFileType = sourcecode.swift; path = PageX_VC.swift; sourceTree = "<group>"; };
		DC2781B82AD8C08E00540F01 /* PageY_VC.swift */ = {isa = PBXFileReference; lastKnownFileType = sourcecode.swift; path = PageY_VC.swift; sourceTree = "<group>"; };
/* End PBXFileReference section */

/* Begin PBXFrameworksBuildPhase section */
		DC2781982AD8BF9B00540F01 /* Frameworks */ = {
			isa = PBXFrameworksBuildPhase;
			buildActionMask = 2147483647;
			files = (
			);
			runOnlyForDeploymentPostprocessing = 0;
		};
/* End PBXFrameworksBuildPhase section */

/* Begin PBXGroup section */
		DC2781922AD8BF9B00540F01 = {
			isa = PBXGroup;
			children = (
				DC27819D2AD8BF9B00540F01 /* Navigation Controller Training */,
				DC27819C2AD8BF9B00540F01 /* Products */,
			);
			sourceTree = "<group>";
		};
		DC27819C2AD8BF9B00540F01 /* Products */ = {
			isa = PBXGroup;
			children = (
				DC27819B2AD8BF9B00540F01 /* Navigation Controller Training.app */,
			);
			name = Products;
			sourceTree = "<group>";
		};
		DC27819D2AD8BF9B00540F01 /* Navigation Controller Training */ = {
			isa = PBXGroup;
			children = (
				DC27819E2AD8BF9B00540F01 /* AppDelegate.swift */,
				DC2781A02AD8BF9B00540F01 /* SceneDelegate.swift */,
				DC2781A22AD8BF9B00540F01 /* HomeScreenVC.swift */,
				DC2781B22AD8C07000540F01 /* PageA_VC.swift */,
				DC2781B42AD8C07900540F01 /* PageB_VC.swift */,
				DC2781B62AD8C08400540F01 /* PageX_VC.swift */,
				DC2781B82AD8C08E00540F01 /* PageY_VC.swift */,
				DC2781A42AD8BF9B00540F01 /* Main.storyboard */,
				DC2781A72AD8BF9D00540F01 /* Assets.xcassets */,
				DC2781A92AD8BF9D00540F01 /* LaunchScreen.storyboard */,
				DC2781AC2AD8BF9D00540F01 /* Info.plist */,
			);
			path = "Navigation Controller Training";
			sourceTree = "<group>";
		};
/* End PBXGroup section */

/* Begin PBXNativeTarget section */
		DC27819A2AD8BF9B00540F01 /* Navigation Controller Training */ = {
			isa = PBXNativeTarget;
			buildConfigurationList = DC2781AF2AD8BF9D00540F01 /* Build configuration list for PBXNativeTarget "Navigation Controller Training" */;
			buildPhases = (
				DC2781972AD8BF9B00540F01 /* Sources */,
				DC2781982AD8BF9B00540F01 /* Frameworks */,
				DC2781992AD8BF9B00540F01 /* Resources */,
			);
			buildRules = (
			);
			dependencies = (
			);
			name = "Navigation Controller Training";
			productName = "Navigation Controller Training";
			productReference = DC27819B2AD8BF9B00540F01 /* Navigation Controller Training.app */;
			productType = "com.apple.product-type.application";
		};
/* End PBXNativeTarget section */

/* Begin PBXProject section */
		DC2781932AD8BF9B00540F01 /* Project object */ = {
			isa = PBXProject;
			attributes = {
				BuildIndependentTargetsInParallel = 1;
				LastSwiftUpdateCheck = 1500;
				LastUpgradeCheck = 1500;
				TargetAttributes = {
					DC27819A2AD8BF9B00540F01 = {
						CreatedOnToolsVersion = 15.0;
					};
				};
			};
			buildConfigurationList = DC2781962AD8BF9B00540F01 /* Build configuration list for PBXProject "Navigation Controller Training" */;
			compatibilityVersion = "Xcode 14.0";
			developmentRegion = en;
			hasScannedForEncodings = 0;
			knownRegions = (
				en,
				Base,
			);
			mainGroup = DC2781922AD8BF9B00540F01;
			productRefGroup = DC27819C2AD8BF9B00540F01 /* Products */;
			projectDirPath = "";
			projectRoot = "";
			targets = (
				DC27819A2AD8BF9B00540F01 /* Navigation Controller Training */,
			);
		};
/* End PBXProject section */

/* Begin PBXResourcesBuildPhase section */
		DC2781992AD8BF9B00540F01 /* Resources */ = {
			isa = PBXResourcesBuildPhase;
			buildActionMask = 2147483647;
			files = (
				DC2781AB2AD8BF9D00540F01 /* LaunchScreen.storyboard in Resources */,
				DC2781A82AD8BF9D00540F01 /* Assets.xcassets in Resources */,
				DC2781A62AD8BF9B00540F01 /* Main.storyboard in Resources */,
			);
			runOnlyForDeploymentPostprocessing = 0;
		};
/* End PBXResourcesBuildPhase section */

/* Begin PBXSourcesBuildPhase section */
		DC2781972AD8BF9B00540F01 /* Sources */ = {
			isa = PBXSourcesBuildPhase;
			buildActionMask = 2147483647;
			files = (
				DC2781A32AD8BF9B00540F01 /* HomeScreenVC.swift in Sources */,
				DC2781B52AD8C07900540F01 /* PageB_VC.swift in Sources */,
				DC27819F2AD8BF9B00540F01 /* AppDelegate.swift in Sources */,
				DC2781A12AD8BF9B00540F01 /* SceneDelegate.swift in Sources */,
				DC2781B92AD8C08E00540F01 /* PageY_VC.swift in Sources */,
				DC2781B72AD8C08400540F01 /* PageX_VC.swift in Sources */,
				DC2781B32AD8C07000540F01 /* PageA_VC.swift in Sources */,
			);
			runOnlyForDeploymentPostprocessing = 0;
		};
/* End PBXSourcesBuildPhase section */

/* Begin PBXVariantGroup section */
		DC2781A42AD8BF9B00540F01 /* Main.storyboard */ = {
			isa = PBXVariantGroup;
			children = (
				DC2781A52AD8BF9B00540F01 /* Base */,
			);
			name = Main.storyboard;
			sourceTree = "<group>";
		};
		DC2781A92AD8BF9D00540F01 /* LaunchScreen.storyboard */ = {
			isa = PBXVariantGroup;
			children = (
				DC2781AA2AD8BF9D00540F01 /* Base */,
			);
			name = LaunchScreen.storyboard;
			sourceTree = "<group>";
		};
/* End PBXVariantGroup section */

/* Begin XCBuildConfiguration section */
		DC2781AD2AD8BF9D00540F01 /* Debug */ = {
			isa = XCBuildConfiguration;
			buildSettings = {
				ALWAYS_SEARCH_USER_PATHS = NO;
				ASSETCATALOG_COMPILER_GENERATE_SWIFT_ASSET_SYMBOL_EXTENSIONS = YES;
				CLANG_ANALYZER_NONNULL = YES;
				CLANG_ANALYZER_NUMBER_OBJECT_CONVERSION = YES_AGGRESSIVE;
				CLANG_CXX_LANGUAGE_STANDARD = "gnu++20";
				CLANG_ENABLE_MODULES = YES;
				CLANG_ENABLE_OBJC_ARC = YES;
				CLANG_ENABLE_OBJC_WEAK = YES;
				CLANG_WARN_BLOCK_CAPTURE_AUTORELEASING = YES;
				CLANG_WARN_BOOL_CONVERSION = YES;
				CLANG_WARN_COMMA = YES;
				CLANG_WARN_CONSTANT_CONVERSION = YES;
				CLANG_WARN_DEPRECATED_OBJC_IMPLEMENTATIONS = YES;
				CLANG_WARN_DIRECT_OBJC_ISA_USAGE = YES_ERROR;
				CLANG_WARN_DOCUMENTATION_COMMENTS = YES;
				CLANG_WARN_EMPTY_BODY = YES;
				CLANG_WARN_ENUM_CONVERSION = YES;
				CLANG_WARN_INFINITE_RECURSION = YES;
				CLANG_WARN_INT_CONVERSION = YES;
				CLANG_WARN_NON_LITERAL_NULL_CONVERSION = YES;
				CLANG_WARN_OBJC_IMPLICIT_RETAIN_SELF = YES;
				CLANG_WARN_OBJC_LITERAL_CONVERSION = YES;
				CLANG_WARN_OBJC_ROOT_CLASS = YES_ERROR;
				CLANG_WARN_QUOTED_INCLUDE_IN_FRAMEWORK_HEADER = YES;
				CLANG_WARN_RANGE_LOOP_ANALYSIS = YES;
				CLANG_WARN_STRICT_PROTOTYPES = YES;
				CLANG_WARN_SUSPICIOUS_MOVE = YES;
				CLANG_WARN_UNGUARDED_AVAILABILITY = YES_AGGRESSIVE;
				CLANG_WARN_UNREACHABLE_CODE = YES;
				CLANG_WARN__DUPLICATE_METHOD_MATCH = YES;
				COPY_PHASE_STRIP = NO;
				DEBUG_INFORMATION_FORMAT = dwarf;
				ENABLE_STRICT_OBJC_MSGSEND = YES;
				ENABLE_TESTABILITY = YES;
				ENABLE_USER_SCRIPT_SANDBOXING = YES;
				GCC_C_LANGUAGE_STANDARD = gnu17;
				GCC_DYNAMIC_NO_PIC = NO;
				GCC_NO_COMMON_BLOCKS = YES;
				GCC_OPTIMIZATION_LEVEL = 0;
				GCC_PREPROCESSOR_DEFINITIONS = (
					"DEBUG=1",
					"$(inherited)",
				);
				GCC_WARN_64_TO_32_BIT_CONVERSION = YES;
				GCC_WARN_ABOUT_RETURN_TYPE = YES_ERROR;
				GCC_WARN_UNDECLARED_SELECTOR = YES;
				GCC_WARN_UNINITIALIZED_AUTOS = YES_AGGRESSIVE;
				GCC_WARN_UNUSED_FUNCTION = YES;
				GCC_WARN_UNUSED_VARIABLE = YES;
				IPHONEOS_DEPLOYMENT_TARGET = 17.0;
				LOCALIZATION_PREFERS_STRING_CATALOGS = YES;
				MTL_ENABLE_DEBUG_INFO = INCLUDE_SOURCE;
				MTL_FAST_MATH = YES;
				ONLY_ACTIVE_ARCH = YES;
				SDKROOT = iphoneos;
				SWIFT_ACTIVE_COMPILATION_CONDITIONS = "DEBUG $(inherited)";
				SWIFT_OPTIMIZATION_LEVEL = "-Onone";
			};
			name = Debug;
		};
		DC2781AE2AD8BF9D00540F01 /* Release */ = {
			isa = XCBuildConfiguration;
			buildSettings = {
				ALWAYS_SEARCH_USER_PATHS = NO;
				ASSETCATALOG_COMPILER_GENERATE_SWIFT_ASSET_SYMBOL_EXTENSIONS = YES;
				CLANG_ANALYZER_NONNULL = YES;
				CLANG_ANALYZER_NUMBER_OBJECT_CONVERSION = YES_AGGRESSIVE;
				CLANG_CXX_LANGUAGE_STANDARD = "gnu++20";
				CLANG_ENABLE_MODULES = YES;
				CLANG_ENABLE_OBJC_ARC = YES;
				CLANG_ENABLE_OBJC_WEAK = YES;
				CLANG_WARN_BLOCK_CAPTURE_AUTORELEASING = YES;
				CLANG_WARN_BOOL_CONVERSION = YES;
				CLANG_WARN_COMMA = YES;
				CLANG_WARN_CONSTANT_CONVERSION = YES;
				CLANG_WARN_DEPRECATED_OBJC_IMPLEMENTATIONS = YES;
				CLANG_WARN_DIRECT_OBJC_ISA_USAGE = YES_ERROR;
				CLANG_WARN_DOCUMENTATION_COMMENTS = YES;
				CLANG_WARN_EMPTY_BODY = YES;
				CLANG_WARN_ENUM_CONVERSION = YES;
				CLANG_WARN_INFINITE_RECURSION = YES;
				CLANG_WARN_INT_CONVERSION = YES;
				CLANG_WARN_NON_LITERAL_NULL_CONVERSION = YES;
				CLANG_WARN_OBJC_IMPLICIT_RETAIN_SELF = YES;
				CLANG_WARN_OBJC_LITERAL_CONVERSION = YES;
				CLANG_WARN_OBJC_ROOT_CLASS = YES_ERROR;
				CLANG_WARN_QUOTED_INCLUDE_IN_FRAMEWORK_HEADER = YES;
				CLANG_WARN_RANGE_LOOP_ANALYSIS = YES;
				CLANG_WARN_STRICT_PROTOTYPES = YES;
				CLANG_WARN_SUSPICIOUS_MOVE = YES;
				CLANG_WARN_UNGUARDED_AVAILABILITY = YES_AGGRESSIVE;
				CLANG_WARN_UNREACHABLE_CODE = YES;
				CLANG_WARN__DUPLICATE_METHOD_MATCH = YES;
				COPY_PHASE_STRIP = NO;
				DEBUG_INFORMATION_FORMAT = "dwarf-with-dsym";
				ENABLE_NS_ASSERTIONS = NO;
				ENABLE_STRICT_OBJC_MSGSEND = YES;
				ENABLE_USER_SCRIPT_SANDBOXING = YES;
				GCC_C_LANGUAGE_STANDARD = gnu17;
				GCC_NO_COMMON_BLOCKS = YES;
				GCC_WARN_64_TO_32_BIT_CONVERSION = YES;
				GCC_WARN_ABOUT_RETURN_TYPE = YES_ERROR;
				GCC_WARN_UNDECLARED_SELECTOR = YES;
				GCC_WARN_UNINITIALIZED_AUTOS = YES_AGGRESSIVE;
				GCC_WARN_UNUSED_FUNCTION = YES;
				GCC_WARN_UNUSED_VARIABLE = YES;
				IPHONEOS_DEPLOYMENT_TARGET = 17.0;
				LOCALIZATION_PREFERS_STRING_CATALOGS = YES;
				MTL_ENABLE_DEBUG_INFO = NO;
				MTL_FAST_MATH = YES;
				SDKROOT = iphoneos;
				SWIFT_COMPILATION_MODE = wholemodule;
				VALIDATE_PRODUCT = YES;
			};
			name = Release;
		};
		DC2781B02AD8BF9D00540F01 /* Debug */ = {
			isa = XCBuildConfiguration;
			buildSettings = {
				ASSETCATALOG_COMPILER_APPICON_NAME = AppIcon;
				ASSETCATALOG_COMPILER_GLOBAL_ACCENT_COLOR_NAME = AccentColor;
				CODE_SIGN_STYLE = Automatic;
				CURRENT_PROJECT_VERSION = 1;
				DEVELOPMENT_TEAM = 3755NX4L2K;
				GENERATE_INFOPLIST_FILE = YES;
				INFOPLIST_FILE = "Navigation Controller Training/Info.plist";
				INFOPLIST_KEY_UIApplicationSupportsIndirectInputEvents = YES;
				INFOPLIST_KEY_UILaunchStoryboardName = LaunchScreen;
				INFOPLIST_KEY_UIMainStoryboardFile = Main;
				INFOPLIST_KEY_UISupportedInterfaceOrientations_iPad = "UIInterfaceOrientationPortrait UIInterfaceOrientationPortraitUpsideDown UIInterfaceOrientationLandscapeLeft UIInterfaceOrientationLandscapeRight";
				INFOPLIST_KEY_UISupportedInterfaceOrientations_iPhone = "UIInterfaceOrientationPortrait UIInterfaceOrientationLandscapeLeft UIInterfaceOrientationLandscapeRight";
				LD_RUNPATH_SEARCH_PATHS = (
					"$(inherited)",
					"@executable_path/Frameworks",
				);
				MARKETING_VERSION = 1.0;
				PRODUCT_BUNDLE_IDENTIFIER = "com.ahmeterkut.Navigation-Controller-Training";
				PRODUCT_NAME = "$(TARGET_NAME)";
				SWIFT_EMIT_LOC_STRINGS = YES;
				SWIFT_VERSION = 5.0;
				TARGETED_DEVICE_FAMILY = "1,2";
			};
			name = Debug;
		};
		DC2781B12AD8BF9D00540F01 /* Release */ = {
			isa = XCBuildConfiguration;
			buildSettings = {
				ASSETCATALOG_COMPILER_APPICON_NAME = AppIcon;
				ASSETCATALOG_COMPILER_GLOBAL_ACCENT_COLOR_NAME = AccentColor;
				CODE_SIGN_STYLE = Automatic;
				CURRENT_PROJECT_VERSION = 1;
				DEVELOPMENT_TEAM = 3755NX4L2K;
				GENERATE_INFOPLIST_FILE = YES;
				INFOPLIST_FILE = "Navigation Controller Training/Info.plist";
				INFOPLIST_KEY_UIApplicationSupportsIndirectInputEvents = YES;
				INFOPLIST_KEY_UILaunchStoryboardName = LaunchScreen;
				INFOPLIST_KEY_UIMainStoryboardFile = Main;
				INFOPLIST_KEY_UISupportedInterfaceOrientations_iPad = "UIInterfaceOrientationPortrait UIInterfaceOrientationPortraitUpsideDown UIInterfaceOrientationLandscapeLeft UIInterfaceOrientationLandscapeRight";
				INFOPLIST_KEY_UISupportedInterfaceOrientations_iPhone = "UIInterfaceOrientationPortrait UIInterfaceOrientationLandscapeLeft UIInterfaceOrientationLandscapeRight";
				LD_RUNPATH_SEARCH_PATHS = (
					"$(inherited)",
					"@executable_path/Frameworks",
				);
				MARKETING_VERSION = 1.0;
				PRODUCT_BUNDLE_IDENTIFIER = "com.ahmeterkut.Navigation-Controller-Training";
				PRODUCT_NAME = "$(TARGET_NAME)";
				SWIFT_EMIT_LOC_STRINGS = YES;
				SWIFT_VERSION = 5.0;
				TARGETED_DEVICE_FAMILY = "1,2";
			};
			name = Release;
		};
/* End XCBuildConfiguration section */

/* Begin XCConfigurationList section */
		DC2781962AD8BF9B00540F01 /* Build configuration list for PBXProject "Navigation Controller Training" */ = {
			isa = XCConfigurationList;
			buildConfigurations = (
				DC2781AD2AD8BF9D00540F01 /* Debug */,
				DC2781AE2AD8BF9D00540F01 /* Release */,
			);
			defaultConfigurationIsVisible = 0;
			defaultConfigurationName = Release;
		};
		DC2781AF2AD8BF9D00540F01 /* Build configuration list for PBXNativeTarget "Navigation Controller Training" */ = {
			isa = XCConfigurationList;
			buildConfigurations = (
				DC2781B02AD8BF9D00540F01 /* Debug */,
				DC2781B12AD8BF9D00540F01 /* Release */,
			);
			defaultConfigurationIsVisible = 0;
			defaultConfigurationName = Release;
		};
/* End XCConfigurationList section */
	};
	rootObject = DC2781932AD8BF9B00540F01 /* Project object */;
}
